
Microsoft Visual Studio Solution File, Format Version 12.00
# Visual Studio 15
VisualStudioVersion = 15.0.28010.2048
MinimumVisualStudioVersion = 10.0.40219.1
Project("{FAE04EC0-301F-11D3-BF4B-00C04F79EFBC}") = "CompanyXWeb", "CompanyXWeb\CompanyXWeb.csproj", "{0E78401A-7E7B-4183-B10F-300E88D81119}"
EndProject
Global
	GlobalSection(SolutionConfigurationPlatforms) = preSolution
		Debug|Any CPU = Debug|Any CPU
		Release|Any CPU = Release|Any CPU
	EndGlobalSection
	GlobalSection(ProjectConfigurationPlatforms) = postSolution
		{0E78401A-7E7B-4183-B10F-300E88D81119}.Debug|Any CPU.ActiveCfg = Debug|Any CPU
		{0E78401A-7E7B-4183-B10F-300E88D81119}.Debug|Any CPU.Build.0 = Debug|Any CPU
		{0E78401A-7E7B-4183-B10F-300E88D81119}.Release|Any CPU.ActiveCfg = Release|Any CPU
		{0E78401A-7E7B-4183-B10F-300E88D81119}.Release|Any CPU.Build.0 = Release|Any CPU
	EndGlobalSection
	GlobalSection(SolutionProperties) = preSolution
		HideSolutionNode = FALSE
	EndGlobalSection
	GlobalSection(ExtensibilityGlobals) = postSolution
		SolutionGuid = {9756067C-68D3-4669-A445-9BCCA8842209}
	EndGlobalSection
EndGlobal
